
Microsoft Visual Studio Solution File, Format Version 12.00
# Visual Studio Version 17
VisualStudioVersion = 17.13.35931.197
MinimumVisualStudioVersion = 10.0.40219.1
Project("{2150E333-8FDC-42A3-9474-1A3956D46DE8}") = "Services", "Services", "{02EA681E-C7D8-13C7-8484-4AC65E1B71E8}"
EndProject
Project("{2150E333-8FDC-42A3-9474-1A3956D46DE8}") = "Catalog", "Catalog", "{73DDA10D-0780-4016-8A3F-5A72CE719DE4}"
EndProject
Project("{FAE04EC0-301F-11D3-BF4B-00C04F79EFBC}") = "MultiShop.Catalog", "Services\Catalog\MultiShop.Catalog\MultiShop.Catalog.csproj", "{8FD08A4C-9331-49F7-AAA5-88C55CE26E29}"
EndProject
Project("{2150E333-8FDC-42A3-9474-1A3956D46DE8}") = "Discount", "Discount", "{254A6331-1BD8-4480-A3ED-B26B78C24DD2}"
EndProject
Project("{FAE04EC0-301F-11D3-BF4B-00C04F79EFBC}") = "MultiShop.Discount", "Services\Discount\MultiShop.Discount\MultiShop.Discount.csproj", "{9449E04A-795B-40E1-9035-3B28927633EC}"
EndProject
Project("{2150E333-8FDC-42A3-9474-1A3956D46DE8}") = "Order", "Order", "{B7E99A5A-6334-4682-99F3-BE8C5D927D63}"
EndProject
Project("{2150E333-8FDC-42A3-9474-1A3956D46DE8}") = "Core", "Core", "{8DDB176F-5474-42AE-8F93-457A6676E184}"
EndProject
Project("{2150E333-8FDC-42A3-9474-1A3956D46DE8}") = "Infrastructure", "Infrastructure", "{884833FC-9B97-4757-BC9E-A8DE37C6E4BF}"
EndProject
Project("{2150E333-8FDC-42A3-9474-1A3956D46DE8}") = "Presentation", "Presentation", "{E086DA8C-CC08-4C1A-A202-B1C03837F68B}"
EndProject
Project("{FAE04EC0-301F-11D3-BF4B-00C04F79EFBC}") = "MultiShop.Order.Domain", "Services\Order\Core\MultiShop.Order.Domain\MultiShop.Order.Domain.csproj", "{E7BB1545-B48B-433A-84B3-09259ABA6FE3}"
EndProject
Project("{FAE04EC0-301F-11D3-BF4B-00C04F79EFBC}") = "MultiShop.Order.Application", "Services\Order\Core\MultiShop.Order.Application\MultiShop.Order.Application.csproj", "{92862433-3296-494B-AE59-864532059E26}"
EndProject
Project("{FAE04EC0-301F-11D3-BF4B-00C04F79EFBC}") = "MultiShop.Order.Persistence", "Services\Order\Infrastructure\MultiShop.Order.Persistence\MultiShop.Order.Persistence.csproj", "{E4934B98-2A0E-453E-BECD-FD42A05EA350}"
EndProject
Project("{FAE04EC0-301F-11D3-BF4B-00C04F79EFBC}") = "MultiShop.Order.WebApi", "Services\Order\Presentation\MultiShop.Order.WebApi\MultiShop.Order.WebApi.csproj", "{80A058D7-1EE0-4DAE-9EF4-9CA7BC593EDF}"
EndProject
Project("{2150E333-8FDC-42A3-9474-1A3956D46DE8}") = "IdentityServer", "IdentityServer", "{2AC4D488-3E0E-476A-B167-94E0CF8FC2A6}"
EndProject
Project("{FAE04EC0-301F-11D3-BF4B-00C04F79EFBC}") = "MultiShop.IdentityServer", "IdentityServer\MultiShop.IdentityServer\MultiShop.IdentityServer.csproj", "{EA14094F-FB55-5ABC-1402-B4229C4AD0B1}"
EndProject
Global
	GlobalSection(SolutionConfigurationPlatforms) = preSolution
		Debug|Any CPU = Debug|Any CPU
		Release|Any CPU = Release|Any CPU
	EndGlobalSection
	GlobalSection(ProjectConfigurationPlatforms) = postSolution
		{8FD08A4C-9331-49F7-AAA5-88C55CE26E29}.Debug|Any CPU.ActiveCfg = Debug|Any CPU
		{8FD08A4C-9331-49F7-AAA5-88C55CE26E29}.Debug|Any CPU.Build.0 = Debug|Any CPU
		{8FD08A4C-9331-49F7-AAA5-88C55CE26E29}.Release|Any CPU.ActiveCfg = Release|Any CPU
		{8FD08A4C-9331-49F7-AAA5-88C55CE26E29}.Release|Any CPU.Build.0 = Release|Any CPU
		{9449E04A-795B-40E1-9035-3B28927633EC}.Debug|Any CPU.ActiveCfg = Debug|Any CPU
		{9449E04A-795B-40E1-9035-3B28927633EC}.Debug|Any CPU.Build.0 = Debug|Any CPU
		{9449E04A-795B-40E1-9035-3B28927633EC}.Release|Any CPU.ActiveCfg = Release|Any CPU
		{9449E04A-795B-40E1-9035-3B28927633EC}.Release|Any CPU.Build.0 = Release|Any CPU
		{E7BB1545-B48B-433A-84B3-09259ABA6FE3}.Debug|Any CPU.ActiveCfg = Debug|Any CPU
		{E7BB1545-B48B-433A-84B3-09259ABA6FE3}.Debug|Any CPU.Build.0 = Debug|Any CPU
		{E7BB1545-B48B-433A-84B3-09259ABA6FE3}.Release|Any CPU.ActiveCfg = Release|Any CPU
		{E7BB1545-B48B-433A-84B3-09259ABA6FE3}.Release|Any CPU.Build.0 = Release|Any CPU
		{92862433-3296-494B-AE59-864532059E26}.Debug|Any CPU.ActiveCfg = Debug|Any CPU
		{92862433-3296-494B-AE59-864532059E26}.Debug|Any CPU.Build.0 = Debug|Any CPU
		{92862433-3296-494B-AE59-864532059E26}.Release|Any CPU.ActiveCfg = Release|Any CPU
		{92862433-3296-494B-AE59-864532059E26}.Release|Any CPU.Build.0 = Release|Any CPU
		{E4934B98-2A0E-453E-BECD-FD42A05EA350}.Debug|Any CPU.ActiveCfg = Debug|Any CPU
		{E4934B98-2A0E-453E-BECD-FD42A05EA350}.Debug|Any CPU.Build.0 = Debug|Any CPU
		{E4934B98-2A0E-453E-BECD-FD42A05EA350}.Release|Any CPU.ActiveCfg = Release|Any CPU
		{E4934B98-2A0E-453E-BECD-FD42A05EA350}.Release|Any CPU.Build.0 = Release|Any CPU
		{80A058D7-1EE0-4DAE-9EF4-9CA7BC593EDF}.Debug|Any CPU.ActiveCfg = Debug|Any CPU
		{80A058D7-1EE0-4DAE-9EF4-9CA7BC593EDF}.Debug|Any CPU.Build.0 = Debug|Any CPU
		{80A058D7-1EE0-4DAE-9EF4-9CA7BC593EDF}.Release|Any CPU.ActiveCfg = Release|Any CPU
		{80A058D7-1EE0-4DAE-9EF4-9CA7BC593EDF}.Release|Any CPU.Build.0 = Release|Any CPU
		{EA14094F-FB55-5ABC-1402-B4229C4AD0B1}.Debug|Any CPU.ActiveCfg = Debug|Any CPU
		{EA14094F-FB55-5ABC-1402-B4229C4AD0B1}.Debug|Any CPU.Build.0 = Debug|Any CPU
		{EA14094F-FB55-5ABC-1402-B4229C4AD0B1}.Release|Any CPU.ActiveCfg = Release|Any CPU
		{EA14094F-FB55-5ABC-1402-B4229C4AD0B1}.Release|Any CPU.Build.0 = Release|Any CPU
	EndGlobalSection
	GlobalSection(SolutionProperties) = preSolution
		HideSolutionNode = FALSE
	EndGlobalSection
	GlobalSection(NestedProjects) = preSolution
		{73DDA10D-0780-4016-8A3F-5A72CE719DE4} = {02EA681E-C7D8-13C7-8484-4AC65E1B71E8}
		{8FD08A4C-9331-49F7-AAA5-88C55CE26E29} = {73DDA10D-0780-4016-8A3F-5A72CE719DE4}
		{254A6331-1BD8-4480-A3ED-B26B78C24DD2} = {02EA681E-C7D8-13C7-8484-4AC65E1B71E8}
		{9449E04A-795B-40E1-9035-3B28927633EC} = {254A6331-1BD8-4480-A3ED-B26B78C24DD2}
		{B7E99A5A-6334-4682-99F3-BE8C5D927D63} = {02EA681E-C7D8-13C7-8484-4AC65E1B71E8}
		{8DDB176F-5474-42AE-8F93-457A6676E184} = {B7E99A5A-6334-4682-99F3-BE8C5D927D63}
		{884833FC-9B97-4757-BC9E-A8DE37C6E4BF} = {B7E99A5A-6334-4682-99F3-BE8C5D927D63}
		{E086DA8C-CC08-4C1A-A202-B1C03837F68B} = {B7E99A5A-6334-4682-99F3-BE8C5D927D63}
		{E7BB1545-B48B-433A-84B3-09259ABA6FE3} = {8DDB176F-5474-42AE-8F93-457A6676E184}
		{92862433-3296-494B-AE59-864532059E26} = {8DDB176F-5474-42AE-8F93-457A6676E184}
		{E4934B98-2A0E-453E-BECD-FD42A05EA350} = {884833FC-9B97-4757-BC9E-A8DE37C6E4BF}
		{80A058D7-1EE0-4DAE-9EF4-9CA7BC593EDF} = {E086DA8C-CC08-4C1A-A202-B1C03837F68B}
		{EA14094F-FB55-5ABC-1402-B4229C4AD0B1} = {2AC4D488-3E0E-476A-B167-94E0CF8FC2A6}
	EndGlobalSection
	GlobalSection(ExtensibilityGlobals) = postSolution
		SolutionGuid = {AF635B4F-00FA-4832-8050-633BF8A9DEAC}
	EndGlobalSection
EndGlobal
